
Microsoft Visual Studio Solution File, Format Version 12.00
# Visual Studio 15
VisualStudioVersion = 15.0.27130.2026
MinimumVisualStudioVersion = 10.0.40219.1
Project("{2150E333-8FDC-42A3-9474-1A3956D46DE8}") = "Platforms", "Platforms", "{2B7243CB-60A5-4682-802B-B7EC3DEBCF9A}"
EndProject
Project("{FAE04EC0-301F-11D3-BF4B-00C04F79EFBC}") = "PushSharp.Core", "PushSharp.Core\PushSharp.Core.csproj", "{4EC06BBB-B49B-4847-BAB2-8159F3074EEE}"
EndProject
Project("{FAE04EC0-301F-11D3-BF4B-00C04F79EFBC}") = "PushSharp.Tests", "PushSharp.Tests\PushSharp.Tests.csproj", "{467ABD2A-FFC1-46A5-B3D2-4C2282AB5D03}"
EndProject
Project("{FAE04EC0-301F-11D3-BF4B-00C04F79EFBC}") = "PushSharp.Windows", "PushSharp.Windows\PushSharp.Windows.csproj", "{FBB820FE-6A67-46CB-9547-332DEF987FE2}"
EndProject
Project("{FAE04EC0-301F-11D3-BF4B-00C04F79EFBC}") = "PushSharp.Google", "PushSharp.Google\PushSharp.Google.csproj", "{7765A099-76E0-44A1-A633-C10D1F115688}"
EndProject
Project("{FAE04EC0-301F-11D3-BF4B-00C04F79EFBC}") = "PushSharp.Firefox", "PushSharp.Firefox\PushSharp.Firefox.csproj", "{3C2CE9FC-517D-467C-A569-E63909B640E7}"
EndProject
Project("{FAE04EC0-301F-11D3-BF4B-00C04F79EFBC}") = "PushSharp.Blackberry", "PushSharp.Blackberry\PushSharp.Blackberry.csproj", "{DA9B55DE-E40F-4DB3-B936-E41D3CED56FF}"
EndProject
Project("{FAE04EC0-301F-11D3-BF4B-00C04F79EFBC}") = "PushSharp.Apple", "PushSharp.Apple\PushSharp.Apple.csproj", "{5DAFB547-AF7C-45D1-9140-47829B8CB756}"
EndProject
Project("{FAE04EC0-301F-11D3-BF4B-00C04F79EFBC}") = "PushSharp.Amazon", "PushSharp.Amazon\PushSharp.Amazon.csproj", "{14C7374C-5786-447F-B55E-2478086CB45A}"
EndProject
Global
	GlobalSection(SolutionConfigurationPlatforms) = preSolution
		Debug|Any CPU = Debug|Any CPU
		Release|Any CPU = Release|Any CPU
	EndGlobalSection
	GlobalSection(ProjectConfigurationPlatforms) = postSolution
		{4EC06BBB-B49B-4847-BAB2-8159F3074EEE}.Debug|Any CPU.ActiveCfg = Debug|Any CPU
		{4EC06BBB-B49B-4847-BAB2-8159F3074EEE}.Debug|Any CPU.Build.0 = Debug|Any CPU
		{4EC06BBB-B49B-4847-BAB2-8159F3074EEE}.Release|Any CPU.ActiveCfg = Release|Any CPU
		{4EC06BBB-B49B-4847-BAB2-8159F3074EEE}.Release|Any CPU.Build.0 = Release|Any CPU
		{467ABD2A-FFC1-46A5-B3D2-4C2282AB5D03}.Debug|Any CPU.ActiveCfg = Debug|Any CPU
		{467ABD2A-FFC1-46A5-B3D2-4C2282AB5D03}.Debug|Any CPU.Build.0 = Debug|Any CPU
		{467ABD2A-FFC1-46A5-B3D2-4C2282AB5D03}.Release|Any CPU.ActiveCfg = Release|Any CPU
		{467ABD2A-FFC1-46A5-B3D2-4C2282AB5D03}.Release|Any CPU.Build.0 = Release|Any CPU
		{FBB820FE-6A67-46CB-9547-332DEF987FE2}.Debug|Any CPU.ActiveCfg = Debug|Any CPU
		{FBB820FE-6A67-46CB-9547-332DEF987FE2}.Debug|Any CPU.Build.0 = Debug|Any CPU
		{FBB820FE-6A67-46CB-9547-332DEF987FE2}.Release|Any CPU.ActiveCfg = Release|Any CPU
		{FBB820FE-6A67-46CB-9547-332DEF987FE2}.Release|Any CPU.Build.0 = Release|Any CPU
		{7765A099-76E0-44A1-A633-C10D1F115688}.Debug|Any CPU.ActiveCfg = Debug|Any CPU
		{7765A099-76E0-44A1-A633-C10D1F115688}.Debug|Any CPU.Build.0 = Debug|Any CPU
		{7765A099-76E0-44A1-A633-C10D1F115688}.Release|Any CPU.ActiveCfg = Release|Any CPU
		{7765A099-76E0-44A1-A633-C10D1F115688}.Release|Any CPU.Build.0 = Release|Any CPU
		{3C2CE9FC-517D-467C-A569-E63909B640E7}.Debug|Any CPU.ActiveCfg = Debug|Any CPU
		{3C2CE9FC-517D-467C-A569-E63909B640E7}.Debug|Any CPU.Build.0 = Debug|Any CPU
		{3C2CE9FC-517D-467C-A569-E63909B640E7}.Release|Any CPU.ActiveCfg = Release|Any CPU
		{3C2CE9FC-517D-467C-A569-E63909B640E7}.Release|Any CPU.Build.0 = Release|Any CPU
		{DA9B55DE-E40F-4DB3-B936-E41D3CED56FF}.Debug|Any CPU.ActiveCfg = Debug|Any CPU
		{DA9B55DE-E40F-4DB3-B936-E41D3CED56FF}.Debug|Any CPU.Build.0 = Debug|Any CPU
		{DA9B55DE-E40F-4DB3-B936-E41D3CED56FF}.Release|Any CPU.ActiveCfg = Release|Any CPU
		{DA9B55DE-E40F-4DB3-B936-E41D3CED56FF}.Release|Any CPU.Build.0 = Release|Any CPU
		{5DAFB547-AF7C-45D1-9140-47829B8CB756}.Debug|Any CPU.ActiveCfg = Debug|Any CPU
		{5DAFB547-AF7C-45D1-9140-47829B8CB756}.Debug|Any CPU.Build.0 = Debug|Any CPU
		{5DAFB547-AF7C-45D1-9140-47829B8CB756}.Release|Any CPU.ActiveCfg = Release|Any CPU
		{5DAFB547-AF7C-45D1-9140-47829B8CB756}.Release|Any CPU.Build.0 = Release|Any CPU
		{14C7374C-5786-447F-B55E-2478086CB45A}.Debug|Any CPU.ActiveCfg = Debug|Any CPU
		{14C7374C-5786-447F-B55E-2478086CB45A}.Debug|Any CPU.Build.0 = Debug|Any CPU
		{14C7374C-5786-447F-B55E-2478086CB45A}.Release|Any CPU.ActiveCfg = Release|Any CPU
		{14C7374C-5786-447F-B55E-2478086CB45A}.Release|Any CPU.Build.0 = Release|Any CPU
	EndGlobalSection
	GlobalSection(SolutionProperties) = preSolution
		HideSolutionNode = FALSE
	EndGlobalSection
	GlobalSection(NestedProjects) = preSolution
		{FBB820FE-6A67-46CB-9547-332DEF987FE2} = {2B7243CB-60A5-4682-802B-B7EC3DEBCF9A}
		{7765A099-76E0-44A1-A633-C10D1F115688} = {2B7243CB-60A5-4682-802B-B7EC3DEBCF9A}
		{3C2CE9FC-517D-467C-A569-E63909B640E7} = {2B7243CB-60A5-4682-802B-B7EC3DEBCF9A}
		{DA9B55DE-E40F-4DB3-B936-E41D3CED56FF} = {2B7243CB-60A5-4682-802B-B7EC3DEBCF9A}
		{5DAFB547-AF7C-45D1-9140-47829B8CB756} = {2B7243CB-60A5-4682-802B-B7EC3DEBCF9A}
		{14C7374C-5786-447F-B55E-2478086CB45A} = {2B7243CB-60A5-4682-802B-B7EC3DEBCF9A}
	EndGlobalSection
	GlobalSection(ExtensibilityGlobals) = postSolution
		SolutionGuid = {77F53339-E583-472E-A11B-94518907B465}
	EndGlobalSection
EndGlobal
